{
  "name": "npm_demo",
  "version": "1.0.0",
  "lockfileVersion": 1,
  "requires": true,
  "dependencies": {
    "zingtouch": {
      "version": "1.0.6",
      "resolved": "https://registry.npmjs.org/zingtouch/-/zingtouch-1.0.6.tgz",
      "integrity": "sha512-S7jcR7cSRy28VmQBO0Tq7ZJV4pzfvvrTU9FrrL0K1QPpfBal9wm0oKhoCuifc+PPCq+hQMTJr5E9XKUQDm00VA=="
    }
  }
}
